
Microsoft Visual Studio Solution File, Format Version 12.00
# Visual Studio 15
VisualStudioVersion = 15.0.27703.2042
MinimumVisualStudioVersion = 10.0.40219.1
Project("{FAE04EC0-301F-11D3-BF4B-00C04F79EFBC}") = "FaysConcept.Entities", "FaysConcept.Entities\FaysConcept.Entities.csproj", "{B2D155B4-65E6-4BBA-84D1-26936E7A1413}"
EndProject
Project("{FAE04EC0-301F-11D3-BF4B-00C04F79EFBC}") = "FaysConcept.BackOffice", "FaysConcept.BackOffice\FaysConcept.BackOffice.csproj", "{26A778F7-A902-4ED8-A907-8C0A26F6EFA6}"
EndProject
Project("{FAE04EC0-301F-11D3-BF4B-00C04F79EFBC}") = "FaysConcept.FrontOffice", "FaysConcept.FrontOffice\FaysConcept.FrontOffice.csproj", "{25430E6A-2BA0-4ABB-BEDE-886AB0E5B719}"
EndProject
Project("{FAE04EC0-301F-11D3-BF4B-00C04F79EFBC}") = "FaysConcept.Reports", "FaysConcept.Reports\FaysConcept.Reports.csproj", "{51295EA4-E328-4AF5-98F8-F7AC6F35C977}"
EndProject
Project("{FAE04EC0-301F-11D3-BF4B-00C04F79EFBC}") = "FaysConcept.Backup", "FaysConcept.Backup\FaysConcept.Backup.csproj", "{FF39A585-16BB-46AB-BB02-5C27F34CFD1F}"
EndProject
Project("{FAE04EC0-301F-11D3-BF4B-00C04F79EFBC}") = "FaysConcept.Mobile", "FaysConcept.Mobile\FaysConcept.Mobile.csproj", "{09F11EEC-FA2A-45F1-8CFB-210CA08C5994}"
EndProject
Project("{FAE04EC0-301F-11D3-BF4B-00C04F79EFBC}") = "FaysConcept.Admin", "FaysConcept.Admin\FaysConcept.Admin.csproj", "{1E27BAE1-30C2-4A96-90BA-BC1F59E28B23}"
EndProject
Project("{FAE04EC0-301F-11D3-BF4B-00C04F79EFBC}") = "FaysConcept.Update", "FaysConcept.Update\FaysConcept.Update.csproj", "{8042EC19-D6E0-4CBB-8F89-58ABDB11C03F}"
EndProject
Project("{FAE04EC0-301F-11D3-BF4B-00C04F79EFBC}") = "FaysConcept.Dal", "FaysConcept.Dal\FaysConcept.Dal.csproj", "{70E6B8F8-D76A-41FE-83C8-F6F7E717D5AC}"
EndProject
Project("{FAE04EC0-301F-11D3-BF4B-00C04F79EFBC}") = "FaysConcept.WMS.Bll", "FaysConcept.WMS.Bll\FaysConcept.WMS.Bll.csproj", "{D0718C14-D1FD-4405-B0EA-AF6373033C52}"
EndProject
Project("{FAE04EC0-301F-11D3-BF4B-00C04F79EFBC}") = "FaysConcept.WMS.UI.Win", "FaysConcept.WMS.UI.Win\FaysConcept.WMS.UI.Win.csproj", "{F8980EDA-21BB-4DD8-9F06-5B2F18C191FD}"
EndProject
Project("{2150E333-8FDC-42A3-9474-1A3956D46DE8}") = "FaysConceptWMS", "FaysConceptWMS", "{EE23536E-F827-4943-94D6-F7238EFE3A3B}"
EndProject
Project("{2150E333-8FDC-42A3-9474-1A3956D46DE8}") = "FaysOnceki", "FaysOnceki", "{8B8F6605-ECA1-4725-B72C-3C8D48C5EE6A}"
EndProject
Project("{FAE04EC0-301F-11D3-BF4B-00C04F79EFBC}") = "FaysConcept.WMS.Data", "FaysConcept.WMS.Data\FaysConcept.WMS.Data.csproj", "{5431B6B7-8609-41A8-A212-2532A1763339}"
EndProject
Project("{FAE04EC0-301F-11D3-BF4B-00C04F79EFBC}") = "FaysConcept.WMS.Model", "FaysConcept.WMS.Model\FaysConcept.WMS.Model.csproj", "{7BF49C65-3166-4132-B44A-589C7681011C}"
EndProject
Project("{FAE04EC0-301F-11D3-BF4B-00C04F79EFBC}") = "FaysConcept.WMS.Common", "FaysConcept.WMS.Common\FaysConcept.WMS.Common.csproj", "{A02A5EB3-549C-4368-A0E2-F52F73EE2FCB}"
EndProject
Global
	GlobalSection(SolutionConfigurationPlatforms) = preSolution
		Debug|Any CPU = Debug|Any CPU
		Release|Any CPU = Release|Any CPU
	EndGlobalSection
	GlobalSection(ProjectConfigurationPlatforms) = postSolution
		{B2D155B4-65E6-4BBA-84D1-26936E7A1413}.Debug|Any CPU.ActiveCfg = Debug|Any CPU
		{B2D155B4-65E6-4BBA-84D1-26936E7A1413}.Debug|Any CPU.Build.0 = Debug|Any CPU
		{B2D155B4-65E6-4BBA-84D1-26936E7A1413}.Release|Any CPU.ActiveCfg = Release|Any CPU
		{B2D155B4-65E6-4BBA-84D1-26936E7A1413}.Release|Any CPU.Build.0 = Release|Any CPU
		{26A778F7-A902-4ED8-A907-8C0A26F6EFA6}.Debug|Any CPU.ActiveCfg = Debug|Any CPU
		{26A778F7-A902-4ED8-A907-8C0A26F6EFA6}.Debug|Any CPU.Build.0 = Debug|Any CPU
		{26A778F7-A902-4ED8-A907-8C0A26F6EFA6}.Release|Any CPU.ActiveCfg = Release|Any CPU
		{26A778F7-A902-4ED8-A907-8C0A26F6EFA6}.Release|Any CPU.Build.0 = Release|Any CPU
		{25430E6A-2BA0-4ABB-BEDE-886AB0E5B719}.Debug|Any CPU.ActiveCfg = Debug|Any CPU
		{25430E6A-2BA0-4ABB-BEDE-886AB0E5B719}.Debug|Any CPU.Build.0 = Debug|Any CPU
		{25430E6A-2BA0-4ABB-BEDE-886AB0E5B719}.Release|Any CPU.ActiveCfg = Release|Any CPU
		{25430E6A-2BA0-4ABB-BEDE-886AB0E5B719}.Release|Any CPU.Build.0 = Release|Any CPU
		{51295EA4-E328-4AF5-98F8-F7AC6F35C977}.Debug|Any CPU.ActiveCfg = Debug|Any CPU
		{51295EA4-E328-4AF5-98F8-F7AC6F35C977}.Debug|Any CPU.Build.0 = Debug|Any CPU
		{51295EA4-E328-4AF5-98F8-F7AC6F35C977}.Release|Any CPU.ActiveCfg = Release|Any CPU
		{51295EA4-E328-4AF5-98F8-F7AC6F35C977}.Release|Any CPU.Build.0 = Release|Any CPU
		{FF39A585-16BB-46AB-BB02-5C27F34CFD1F}.Debug|Any CPU.ActiveCfg = Debug|Any CPU
		{FF39A585-16BB-46AB-BB02-5C27F34CFD1F}.Debug|Any CPU.Build.0 = Debug|Any CPU
		{FF39A585-16BB-46AB-BB02-5C27F34CFD1F}.Release|Any CPU.ActiveCfg = Release|Any CPU
		{FF39A585-16BB-46AB-BB02-5C27F34CFD1F}.Release|Any CPU.Build.0 = Release|Any CPU
		{09F11EEC-FA2A-45F1-8CFB-210CA08C5994}.Debug|Any CPU.ActiveCfg = Debug|Any CPU
		{09F11EEC-FA2A-45F1-8CFB-210CA08C5994}.Debug|Any CPU.Build.0 = Debug|Any CPU
		{09F11EEC-FA2A-45F1-8CFB-210CA08C5994}.Release|Any CPU.ActiveCfg = Release|Any CPU
		{09F11EEC-FA2A-45F1-8CFB-210CA08C5994}.Release|Any CPU.Build.0 = Release|Any CPU
		{1E27BAE1-30C2-4A96-90BA-BC1F59E28B23}.Debug|Any CPU.ActiveCfg = Debug|Any CPU
		{1E27BAE1-30C2-4A96-90BA-BC1F59E28B23}.Debug|Any CPU.Build.0 = Debug|Any CPU
		{1E27BAE1-30C2-4A96-90BA-BC1F59E28B23}.Release|Any CPU.ActiveCfg = Release|Any CPU
		{1E27BAE1-30C2-4A96-90BA-BC1F59E28B23}.Release|Any CPU.Build.0 = Release|Any CPU
		{8042EC19-D6E0-4CBB-8F89-58ABDB11C03F}.Debug|Any CPU.ActiveCfg = Debug|Any CPU
		{8042EC19-D6E0-4CBB-8F89-58ABDB11C03F}.Debug|Any CPU.Build.0 = Debug|Any CPU
		{8042EC19-D6E0-4CBB-8F89-58ABDB11C03F}.Release|Any CPU.ActiveCfg = Release|Any CPU
		{8042EC19-D6E0-4CBB-8F89-58ABDB11C03F}.Release|Any CPU.Build.0 = Release|Any CPU
		{70E6B8F8-D76A-41FE-83C8-F6F7E717D5AC}.Debug|Any CPU.ActiveCfg = Debug|Any CPU
		{70E6B8F8-D76A-41FE-83C8-F6F7E717D5AC}.Debug|Any CPU.Build.0 = Debug|Any CPU
		{70E6B8F8-D76A-41FE-83C8-F6F7E717D5AC}.Release|Any CPU.ActiveCfg = Release|Any CPU
		{70E6B8F8-D76A-41FE-83C8-F6F7E717D5AC}.Release|Any CPU.Build.0 = Release|Any CPU
		{D0718C14-D1FD-4405-B0EA-AF6373033C52}.Debug|Any CPU.ActiveCfg = Debug|Any CPU
		{D0718C14-D1FD-4405-B0EA-AF6373033C52}.Debug|Any CPU.Build.0 = Debug|Any CPU
		{D0718C14-D1FD-4405-B0EA-AF6373033C52}.Release|Any CPU.ActiveCfg = Release|Any CPU
		{D0718C14-D1FD-4405-B0EA-AF6373033C52}.Release|Any CPU.Build.0 = Release|Any CPU
		{F8980EDA-21BB-4DD8-9F06-5B2F18C191FD}.Debug|Any CPU.ActiveCfg = Debug|Any CPU
		{F8980EDA-21BB-4DD8-9F06-5B2F18C191FD}.Debug|Any CPU.Build.0 = Debug|Any CPU
		{F8980EDA-21BB-4DD8-9F06-5B2F18C191FD}.Release|Any CPU.ActiveCfg = Release|Any CPU
		{F8980EDA-21BB-4DD8-9F06-5B2F18C191FD}.Release|Any CPU.Build.0 = Release|Any CPU
		{5431B6B7-8609-41A8-A212-2532A1763339}.Debug|Any CPU.ActiveCfg = Debug|Any CPU
		{5431B6B7-8609-41A8-A212-2532A1763339}.Debug|Any CPU.Build.0 = Debug|Any CPU
		{5431B6B7-8609-41A8-A212-2532A1763339}.Release|Any CPU.ActiveCfg = Release|Any CPU
		{5431B6B7-8609-41A8-A212-2532A1763339}.Release|Any CPU.Build.0 = Release|Any CPU
		{7BF49C65-3166-4132-B44A-589C7681011C}.Debug|Any CPU.ActiveCfg = Debug|Any CPU
		{7BF49C65-3166-4132-B44A-589C7681011C}.Debug|Any CPU.Build.0 = Debug|Any CPU
		{7BF49C65-3166-4132-B44A-589C7681011C}.Release|Any CPU.ActiveCfg = Release|Any CPU
		{7BF49C65-3166-4132-B44A-589C7681011C}.Release|Any CPU.Build.0 = Release|Any CPU
		{A02A5EB3-549C-4368-A0E2-F52F73EE2FCB}.Debug|Any CPU.ActiveCfg = Debug|Any CPU
		{A02A5EB3-549C-4368-A0E2-F52F73EE2FCB}.Debug|Any CPU.Build.0 = Debug|Any CPU
		{A02A5EB3-549C-4368-A0E2-F52F73EE2FCB}.Release|Any CPU.ActiveCfg = Release|Any CPU
		{A02A5EB3-549C-4368-A0E2-F52F73EE2FCB}.Release|Any CPU.Build.0 = Release|Any CPU
	EndGlobalSection
	GlobalSection(SolutionProperties) = preSolution
		HideSolutionNode = FALSE
	EndGlobalSection
	GlobalSection(NestedProjects) = preSolution
		{B2D155B4-65E6-4BBA-84D1-26936E7A1413} = {8B8F6605-ECA1-4725-B72C-3C8D48C5EE6A}
		{26A778F7-A902-4ED8-A907-8C0A26F6EFA6} = {8B8F6605-ECA1-4725-B72C-3C8D48C5EE6A}
		{25430E6A-2BA0-4ABB-BEDE-886AB0E5B719} = {8B8F6605-ECA1-4725-B72C-3C8D48C5EE6A}
		{51295EA4-E328-4AF5-98F8-F7AC6F35C977} = {8B8F6605-ECA1-4725-B72C-3C8D48C5EE6A}
		{FF39A585-16BB-46AB-BB02-5C27F34CFD1F} = {8B8F6605-ECA1-4725-B72C-3C8D48C5EE6A}
		{09F11EEC-FA2A-45F1-8CFB-210CA08C5994} = {8B8F6605-ECA1-4725-B72C-3C8D48C5EE6A}
		{1E27BAE1-30C2-4A96-90BA-BC1F59E28B23} = {8B8F6605-ECA1-4725-B72C-3C8D48C5EE6A}
		{8042EC19-D6E0-4CBB-8F89-58ABDB11C03F} = {8B8F6605-ECA1-4725-B72C-3C8D48C5EE6A}
		{70E6B8F8-D76A-41FE-83C8-F6F7E717D5AC} = {EE23536E-F827-4943-94D6-F7238EFE3A3B}
		{D0718C14-D1FD-4405-B0EA-AF6373033C52} = {EE23536E-F827-4943-94D6-F7238EFE3A3B}
		{F8980EDA-21BB-4DD8-9F06-5B2F18C191FD} = {EE23536E-F827-4943-94D6-F7238EFE3A3B}
		{5431B6B7-8609-41A8-A212-2532A1763339} = {EE23536E-F827-4943-94D6-F7238EFE3A3B}
		{7BF49C65-3166-4132-B44A-589C7681011C} = {EE23536E-F827-4943-94D6-F7238EFE3A3B}
		{A02A5EB3-549C-4368-A0E2-F52F73EE2FCB} = {EE23536E-F827-4943-94D6-F7238EFE3A3B}
	EndGlobalSection
	GlobalSection(ExtensibilityGlobals) = postSolution
		SolutionGuid = {699D7D81-A4C2-4C13-B978-27190FB89F36}
	EndGlobalSection
EndGlobal
